
Microsoft Visual Studio Solution File, Format Version 12.00
# Visual Studio Version 17
VisualStudioVersion = 17.4.33213.308
MinimumVisualStudioVersion = 10.0.40219.1
Project("{FAE04EC0-301F-11D3-BF4B-00C04F79EFBC}") = "ProjectionOperators", "ProjectionOperators.csproj", "{B60E871B-A1B5-429E-9697-5C043314B8FC}"
EndProject
Global
	GlobalSection(SolutionConfigurationPlatforms) = preSolution
		Debug|Any CPU = Debug|Any CPU
		Release|Any CPU = Release|Any CPU
	EndGlobalSection
	GlobalSection(ProjectConfigurationPlatforms) = postSolution
		{B60E871B-A1B5-429E-9697-5C043314B8FC}.Debug|Any CPU.ActiveCfg = Debug|Any CPU
		{B60E871B-A1B5-429E-9697-5C043314B8FC}.Debug|Any CPU.Build.0 = Debug|Any CPU
		{B60E871B-A1B5-429E-9697-5C043314B8FC}.Release|Any CPU.ActiveCfg = Release|Any CPU
		{B60E871B-A1B5-429E-9697-5C043314B8FC}.Release|Any CPU.Build.0 = Release|Any CPU
	EndGlobalSection
	GlobalSection(SolutionProperties) = preSolution
		HideSolutionNode = FALSE
	EndGlobalSection
	GlobalSection(ExtensibilityGlobals) = postSolution
		SolutionGuid = {D0163678-3CCC-4305-ACF9-5770D3433D81}
	EndGlobalSection
EndGlobal
